
Microsoft Visual Studio Solution File, Format Version 12.00
# Visual Studio 15
VisualStudioVersion = 15.0.28307.136
MinimumVisualStudioVersion = 10.0.40219.1
Project("{9A19103F-16F7-4668-BE54-9A1E7A4F7556}") = "poc_WebApi", "poc_WebApi\poc_WebApi.csproj", "{6525CD3B-EA4B-4139-A204-31E4329498F5}"
EndProject
Project("{9A19103F-16F7-4668-BE54-9A1E7A4F7556}") = "TodoApi", "..\dotnet-core-api-master\TodoApi.csproj", "{25E0C695-D8A0-4966-95C4-AD07C9509135}"
EndProject
Global
	GlobalSection(SolutionConfigurationPlatforms) = preSolution
		Debug|Any CPU = Debug|Any CPU
		Release|Any CPU = Release|Any CPU
	EndGlobalSection
	GlobalSection(ProjectConfigurationPlatforms) = postSolution
		{6525CD3B-EA4B-4139-A204-31E4329498F5}.Debug|Any CPU.ActiveCfg = Debug|Any CPU
		{6525CD3B-EA4B-4139-A204-31E4329498F5}.Debug|Any CPU.Build.0 = Debug|Any CPU
		{6525CD3B-EA4B-4139-A204-31E4329498F5}.Release|Any CPU.ActiveCfg = Release|Any CPU
		{6525CD3B-EA4B-4139-A204-31E4329498F5}.Release|Any CPU.Build.0 = Release|Any CPU
		{25E0C695-D8A0-4966-95C4-AD07C9509135}.Debug|Any CPU.ActiveCfg = Debug|Any CPU
		{25E0C695-D8A0-4966-95C4-AD07C9509135}.Debug|Any CPU.Build.0 = Debug|Any CPU
		{25E0C695-D8A0-4966-95C4-AD07C9509135}.Release|Any CPU.ActiveCfg = Release|Any CPU
		{25E0C695-D8A0-4966-95C4-AD07C9509135}.Release|Any CPU.Build.0 = Release|Any CPU
	EndGlobalSection
	GlobalSection(SolutionProperties) = preSolution
		HideSolutionNode = FALSE
	EndGlobalSection
	GlobalSection(ExtensibilityGlobals) = postSolution
		SolutionGuid = {76E9DAB0-6277-4B4B-ACE8-945BE219BEFD}
	EndGlobalSection
EndGlobal
